
Microsoft Visual Studio Solution File, Format Version 12.00
# Visual Studio 15
VisualStudioVersion = 15.0.27428.2002
MinimumVisualStudioVersion = 10.0.40219.1
Project("{FAE04EC0-301F-11D3-BF4B-00C04F79EFBC}") = "ElementwareCommesse", "ElementwareCommesse\ElementwareCommesse.csproj", "{D69A785D-DCB7-4BAE-80C4-0990004EA5EB}"
EndProject
Global
	GlobalSection(SolutionConfigurationPlatforms) = preSolution
		Debug|Any CPU = Debug|Any CPU
		Release|Any CPU = Release|Any CPU
	EndGlobalSection
	GlobalSection(ProjectConfigurationPlatforms) = postSolution
		{D69A785D-DCB7-4BAE-80C4-0990004EA5EB}.Debug|Any CPU.ActiveCfg = Debug|Any CPU
		{D69A785D-DCB7-4BAE-80C4-0990004EA5EB}.Debug|Any CPU.Build.0 = Debug|Any CPU
		{D69A785D-DCB7-4BAE-80C4-0990004EA5EB}.Release|Any CPU.ActiveCfg = Release|Any CPU
		{D69A785D-DCB7-4BAE-80C4-0990004EA5EB}.Release|Any CPU.Build.0 = Release|Any CPU
	EndGlobalSection
	GlobalSection(SolutionProperties) = preSolution
		HideSolutionNode = FALSE
	EndGlobalSection
	GlobalSection(ExtensibilityGlobals) = postSolution
		SolutionGuid = {62F934E9-1699-4C03-9B68-C8B7337CB1F1}
	EndGlobalSection
EndGlobal
